
Microsoft Visual Studio Solution File, Format Version 12.00
# Visual Studio Version 17
VisualStudioVersion = 17.12.35506.116
MinimumVisualStudioVersion = 10.0.40219.1
Project("{FAE04EC0-301F-11D3-BF4B-00C04F79EFBC}") = "Korn.Utils.System", "Korn.Utils.System\Korn.Utils.System.csproj", "{568C75BB-7C9A-4A11-BC7A-3EB743388046}"
EndProject
Project("{2150E333-8FDC-42A3-9474-1A3956D46DE8}") = "Korn", "Korn", "{6FEAD2BF-F9BA-4B71-A285-43CD04CE2052}"
EndProject
Project("{FAE04EC0-301F-11D3-BF4B-00C04F79EFBC}") = "Korn.Core", "..\Korn.Core\Korn.Core\Korn.Core.csproj", "{458BB969-FFC9-4581-9373-A9D833573921}"
EndProject
Global
	GlobalSection(SolutionConfigurationPlatforms) = preSolution
		Debug|x64 = Debug|x64
		Release|x64 = Release|x64
	EndGlobalSection
	GlobalSection(ProjectConfigurationPlatforms) = postSolution
		{568C75BB-7C9A-4A11-BC7A-3EB743388046}.Debug|x64.ActiveCfg = Debug|x64
		{568C75BB-7C9A-4A11-BC7A-3EB743388046}.Debug|x64.Build.0 = Debug|x64
		{568C75BB-7C9A-4A11-BC7A-3EB743388046}.Release|x64.ActiveCfg = Release|x64
		{568C75BB-7C9A-4A11-BC7A-3EB743388046}.Release|x64.Build.0 = Release|x64
		{458BB969-FFC9-4581-9373-A9D833573921}.Debug|x64.ActiveCfg = Debug|x64
		{458BB969-FFC9-4581-9373-A9D833573921}.Debug|x64.Build.0 = Debug|x64
		{458BB969-FFC9-4581-9373-A9D833573921}.Release|x64.ActiveCfg = Release|x64
		{458BB969-FFC9-4581-9373-A9D833573921}.Release|x64.Build.0 = Release|x64
	EndGlobalSection
	GlobalSection(SolutionProperties) = preSolution
		HideSolutionNode = FALSE
	EndGlobalSection
	GlobalSection(NestedProjects) = preSolution
		{458BB969-FFC9-4581-9373-A9D833573921} = {6FEAD2BF-F9BA-4B71-A285-43CD04CE2052}
	EndGlobalSection
EndGlobal
